// !$*UTF8*$!
{
	archiveVersion = 1;
	classes = {
	};
	objectVersion = 46;
	objects = {

/* Begin PBXBuildFile section */
		7B6EBDB719A45AB00086B9DA /* Foundation.framework in Frameworks */ = {isa = PBXBuildFile; fileRef = 7B6EBDB619A45AB00086B9DA /* Foundation.framework */; };
		7B6EBDB919A45AB00086B9DA /* CoreGraphics.framework in Frameworks */ = {isa = PBXBuildFile; fileRef = 7B6EBDB819A45AB00086B9DA /* CoreGraphics.framework */; };
		7B6EBDBB19A45AB00086B9DA /* UIKit.framework in Frameworks */ = {isa = PBXBuildFile; fileRef = 7B6EBDBA19A45AB00086B9DA /* UIKit.framework */; };
		7B6EBDC119A45AB00086B9DA /* InfoPlist.strings in Resources */ = {isa = PBXBuildFile; fileRef = 7B6EBDBF19A45AB00086B9DA /* InfoPlist.strings */; };
		7B6EBDC319A45AB00086B9DA /* main.m in Sources */ = {isa = PBXBuildFile; fileRef = 7B6EBDC219A45AB00086B9DA /* main.m */; };
		7B6EBDC719A45AB00086B9DA /* AppDelegate.m in Sources */ = {isa = PBXBuildFile; fileRef = 7B6EBDC619A45AB00086B9DA /* AppDelegate.m */; };
		7B6EBDC919A45AB00086B9DA /* Images.xcassets in Resources */ = {isa = PBXBuildFile; fileRef = 7B6EBDC819A45AB00086B9DA /* Images.xcassets */; };
		7B6EBDD019A45AB00086B9DA /* XCTest.framework in Frameworks */ = {isa = PBXBuildFile; fileRef = 7B6EBDCF19A45AB00086B9DA /* XCTest.framework */; };
		7B6EBDD119A45AB00086B9DA /* Foundation.framework in Frameworks */ = {isa = PBXBuildFile; fileRef = 7B6EBDB619A45AB00086B9DA /* Foundation.framework */; };
		7B6EBDD219A45AB10086B9DA /* UIKit.framework in Frameworks */ = {isa = PBXBuildFile; fileRef = 7B6EBDBA19A45AB00086B9DA /* UIKit.framework */; };
		7B6EBDDA19A45AB10086B9DA /* InfoPlist.strings in Resources */ = {isa = PBXBuildFile; fileRef = 7B6EBDD819A45AB10086B9DA /* InfoPlist.strings */; };
		7B6EBDDC19A45AB10086B9DA /* JYGetUserID_Facebook_TwitterTests.m in Sources */ = {isa = PBXBuildFile; fileRef = 7B6EBDDB19A45AB10086B9DA /* JYGetUserID_Facebook_TwitterTests.m */; };
		7B6EBDEA19A4626D0086B9DA /* JYFBUSERIDViewController.m in Sources */ = {isa = PBXBuildFile; fileRef = 7B6EBDE819A4626D0086B9DA /* JYFBUSERIDViewController.m */; };
		7B6EBDEB19A4626D0086B9DA /* JYFBUSERIDViewController.xib in Resources */ = {isa = PBXBuildFile; fileRef = 7B6EBDE919A4626D0086B9DA /* JYFBUSERIDViewController.xib */; };
		7B6EBDEF19A463370086B9DA /* JYTiwterUSERIDViewController.m in Sources */ = {isa = PBXBuildFile; fileRef = 7B6EBDED19A463370086B9DA /* JYTiwterUSERIDViewController.m */; };
		7B6EBDF019A463370086B9DA /* JYTiwterUSERIDViewController.xib in Resources */ = {isa = PBXBuildFile; fileRef = 7B6EBDEE19A463370086B9DA /* JYTiwterUSERIDViewController.xib */; };
		7B6EBDF519A487A80086B9DA /* JYFBUSERIDViewModal.m in Sources */ = {isa = PBXBuildFile; fileRef = 7B6EBDF419A487A80086B9DA /* JYFBUSERIDViewModal.m */; };
		7B6EBDF919A48C890086B9DA /* JYUtils.m in Sources */ = {isa = PBXBuildFile; fileRef = 7B6EBDF819A48C890086B9DA /* JYUtils.m */; };
		9E7C98F9CF2A48D0B207C375 /* libPods.a in Frameworks */ = {isa = PBXBuildFile; fileRef = 78F29E7D79904C8C87CFD4D7 /* libPods.a */; };
/* End PBXBuildFile section */

/* Begin PBXContainerItemProxy section */
		7B6EBDD319A45AB10086B9DA /* PBXContainerItemProxy */ = {
			isa = PBXContainerItemProxy;
			containerPortal = 7B6EBDAB19A45AB00086B9DA /* Project object */;
			proxyType = 1;
			remoteGlobalIDString = 7B6EBDB219A45AB00086B9DA;
			remoteInfo = JYGetUserID_Facebook_Twitter;
		};
/* End PBXContainerItemProxy section */

/* Begin PBXFileReference section */
		78F29E7D79904C8C87CFD4D7 /* libPods.a */ = {isa = PBXFileReference; explicitFileType = archive.ar; includeInIndex = 0; path = libPods.a; sourceTree = BUILT_PRODUCTS_DIR; };
		7B6EBDB319A45AB00086B9DA /* JYGetUserID_Facebook_Twitter.app */ = {isa = PBXFileReference; explicitFileType = wrapper.application; includeInIndex = 0; path = JYGetUserID_Facebook_Twitter.app; sourceTree = BUILT_PRODUCTS_DIR; };
		7B6EBDB619A45AB00086B9DA /* Foundation.framework */ = {isa = PBXFileReference; lastKnownFileType = wrapper.framework; name = Foundation.framework; path = System/Library/Frameworks/Foundation.framework; sourceTree = SDKROOT; };
		7B6EBDB819A45AB00086B9DA /* CoreGraphics.framework */ = {isa = PBXFileReference; lastKnownFileType = wrapper.framework; name = CoreGraphics.framework; path = System/Library/Frameworks/CoreGraphics.framework; sourceTree = SDKROOT; };
		7B6EBDBA19A45AB00086B9DA /* UIKit.framework */ = {isa = PBXFileReference; lastKnownFileType = wrapper.framework; name = UIKit.framework; path = System/Library/Frameworks/UIKit.framework; sourceTree = SDKROOT; };
		7B6EBDBE19A45AB00086B9DA /* JYGetUserID_Facebook_Twitter-Info.plist */ = {isa = PBXFileReference; lastKnownFileType = text.plist.xml; path = "JYGetUserID_Facebook_Twitter-Info.plist"; sourceTree = "<group>"; };
		7B6EBDC019A45AB00086B9DA /* en */ = {isa = PBXFileReference; lastKnownFileType = text.plist.strings; name = en; path = en.lproj/InfoPlist.strings; sourceTree = "<group>"; };
		7B6EBDC219A45AB00086B9DA /* main.m */ = {isa = PBXFileReference; lastKnownFileType = sourcecode.c.objc; path = main.m; sourceTree = "<group>"; };
		7B6EBDC419A45AB00086B9DA /* JYGetUserID_Facebook_Twitter-Prefix.pch */ = {isa = PBXFileReference; lastKnownFileType = sourcecode.c.h; path = "JYGetUserID_Facebook_Twitter-Prefix.pch"; sourceTree = "<group>"; };
		7B6EBDC519A45AB00086B9DA /* AppDelegate.h */ = {isa = PBXFileReference; lastKnownFileType = sourcecode.c.h; path = AppDelegate.h; sourceTree = "<group>"; };
		7B6EBDC619A45AB00086B9DA /* AppDelegate.m */ = {isa = PBXFileReference; lastKnownFileType = sourcecode.c.objc; path = AppDelegate.m; sourceTree = "<group>"; };
		7B6EBDC819A45AB00086B9DA /* Images.xcassets */ = {isa = PBXFileReference; lastKnownFileType = folder.assetcatalog; path = Images.xcassets; sourceTree = "<group>"; };
		7B6EBDCE19A45AB00086B9DA /* JYGetUserID_Facebook_TwitterTests.xctest */ = {isa = PBXFileReference; explicitFileType = wrapper.cfbundle; includeInIndex = 0; path = JYGetUserID_Facebook_TwitterTests.xctest; sourceTree = BUILT_PRODUCTS_DIR; };
		7B6EBDCF19A45AB00086B9DA /* XCTest.framework */ = {isa = PBXFileReference; lastKnownFileType = wrapper.framework; name = XCTest.framework; path = Library/Frameworks/XCTest.framework; sourceTree = DEVELOPER_DIR; };
		7B6EBDD719A45AB10086B9DA /* JYGetUserID_Facebook_TwitterTests-Info.plist */ = {isa = PBXFileReference; lastKnownFileType = text.plist.xml; path = "JYGetUserID_Facebook_TwitterTests-Info.plist"; sourceTree = "<group>"; };
		7B6EBDD919A45AB10086B9DA /* en */ = {isa = PBXFileReference; lastKnownFileType = text.plist.strings; name = en; path = en.lproj/InfoPlist.strings; sourceTree = "<group>"; };
		7B6EBDDB19A45AB10086B9DA /* JYGetUserID_Facebook_TwitterTests.m */ = {isa = PBXFileReference; lastKnownFileType = sourcecode.c.objc; path = JYGetUserID_Facebook_TwitterTests.m; sourceTree = "<group>"; };
		7B6EBDE719A4626D0086B9DA /* JYFBUSERIDViewController.h */ = {isa = PBXFileReference; fileEncoding = 4; lastKnownFileType = sourcecode.c.h; name = JYFBUSERIDViewController.h; path = viewController/JYFBUSERIDViewController.h; sourceTree = "<group>"; };
		7B6EBDE819A4626D0086B9DA /* JYFBUSERIDViewController.m */ = {isa = PBXFileReference; fileEncoding = 4; lastKnownFileType = sourcecode.c.objc; name = JYFBUSERIDViewController.m; path = viewController/JYFBUSERIDViewController.m; sourceTree = "<group>"; };
		7B6EBDE919A4626D0086B9DA /* JYFBUSERIDViewController.xib */ = {isa = PBXFileReference; fileEncoding = 4; lastKnownFileType = file.xib; name = JYFBUSERIDViewController.xib; path = viewController/JYFBUSERIDViewController.xib; sourceTree = "<group>"; };
		7B6EBDEC19A463370086B9DA /* JYTiwterUSERIDViewController.h */ = {isa = PBXFileReference; fileEncoding = 4; lastKnownFileType = sourcecode.c.h; name = JYTiwterUSERIDViewController.h; path = viewController/JYTiwterUSERIDViewController.h; sourceTree = "<group>"; };
		7B6EBDED19A463370086B9DA /* JYTiwterUSERIDViewController.m */ = {isa = PBXFileReference; fileEncoding = 4; lastKnownFileType = sourcecode.c.objc; name = JYTiwterUSERIDViewController.m; path = viewController/JYTiwterUSERIDViewController.m; sourceTree = "<group>"; };
		7B6EBDEE19A463370086B9DA /* JYTiwterUSERIDViewController.xib */ = {isa = PBXFileReference; fileEncoding = 4; lastKnownFileType = file.xib; name = JYTiwterUSERIDViewController.xib; path = viewController/JYTiwterUSERIDViewController.xib; sourceTree = "<group>"; };
		7B6EBDF319A487A80086B9DA /* JYFBUSERIDViewModal.h */ = {isa = PBXFileReference; fileEncoding = 4; lastKnownFileType = sourcecode.c.h; name = JYFBUSERIDViewModal.h; path = viewController/ViewModal/JYFBUSERIDViewModal.h; sourceTree = "<group>"; };
		7B6EBDF419A487A80086B9DA /* JYFBUSERIDViewModal.m */ = {isa = PBXFileReference; fileEncoding = 4; lastKnownFileType = sourcecode.c.objc; name = JYFBUSERIDViewModal.m; path = viewController/ViewModal/JYFBUSERIDViewModal.m; sourceTree = "<group>"; };
		7B6EBDF719A48C890086B9DA /* JYUtils.h */ = {isa = PBXFileReference; fileEncoding = 4; lastKnownFileType = sourcecode.c.h; name = JYUtils.h; path = Utils/JYUtils.h; sourceTree = "<group>"; };
		7B6EBDF819A48C890086B9DA /* JYUtils.m */ = {isa = PBXFileReference; fileEncoding = 4; lastKnownFileType = sourcecode.c.objc; name = JYUtils.m; path = Utils/JYUtils.m; sourceTree = "<group>"; };
		C1837BA80EB74DDD887DFE3D /* Pods.xcconfig */ = {isa = PBXFileReference; includeInIndex = 1; lastKnownFileType = text.xcconfig; name = Pods.xcconfig; path = Pods/Pods.xcconfig; sourceTree = "<group>"; };
/* End PBXFileReference section */

/* Begin PBXFrameworksBuildPhase section */
		7B6EBDB019A45AB00086B9DA /* Frameworks */ = {
			isa = PBXFrameworksBuildPhase;
			buildActionMask = 2147483647;
			files = (
				7B6EBDB919A45AB00086B9DA /* CoreGraphics.framework in Frameworks */,
				7B6EBDBB19A45AB00086B9DA /* UIKit.framework in Frameworks */,
				7B6EBDB719A45AB00086B9DA /* Foundation.framework in Frameworks */,
				9E7C98F9CF2A48D0B207C375 /* libPods.a in Frameworks */,
			);
			runOnlyForDeploymentPostprocessing = 0;
		};
		7B6EBDCB19A45AB00086B9DA /* Frameworks */ = {
			isa = PBXFrameworksBuildPhase;
			buildActionMask = 2147483647;
			files = (
				7B6EBDD019A45AB00086B9DA /* XCTest.framework in Frameworks */,
				7B6EBDD219A45AB10086B9DA /* UIKit.framework in Frameworks */,
				7B6EBDD119A45AB00086B9DA /* Foundation.framework in Frameworks */,
			);
			runOnlyForDeploymentPostprocessing = 0;
		};
/* End PBXFrameworksBuildPhase section */

/* Begin PBXGroup section */
		7B6EBDAA19A45AB00086B9DA = {
			isa = PBXGroup;
			children = (
				7B6EBDBC19A45AB00086B9DA /* JYGetUserID_Facebook_Twitter */,
				7B6EBDD519A45AB10086B9DA /* JYGetUserID_Facebook_TwitterTests */,
				7B6EBDB519A45AB00086B9DA /* Frameworks */,
				7B6EBDB419A45AB00086B9DA /* Products */,
				C1837BA80EB74DDD887DFE3D /* Pods.xcconfig */,
			);
			sourceTree = "<group>";
		};
		7B6EBDB419A45AB00086B9DA /* Products */ = {
			isa = PBXGroup;
			children = (
				7B6EBDB319A45AB00086B9DA /* JYGetUserID_Facebook_Twitter.app */,
				7B6EBDCE19A45AB00086B9DA /* JYGetUserID_Facebook_TwitterTests.xctest */,
			);
			name = Products;
			sourceTree = "<group>";
		};
		7B6EBDB519A45AB00086B9DA /* Frameworks */ = {
			isa = PBXGroup;
			children = (
				7B6EBDB619A45AB00086B9DA /* Foundation.framework */,
				7B6EBDB819A45AB00086B9DA /* CoreGraphics.framework */,
				7B6EBDBA19A45AB00086B9DA /* UIKit.framework */,
				7B6EBDCF19A45AB00086B9DA /* XCTest.framework */,
				78F29E7D79904C8C87CFD4D7 /* libPods.a */,
			);
			name = Frameworks;
			sourceTree = "<group>";
		};
		7B6EBDBC19A45AB00086B9DA /* JYGetUserID_Facebook_Twitter */ = {
			isa = PBXGroup;
			children = (
				7B6EBDF619A48C5D0086B9DA /* Utils */,
				7B6EBDE619A462010086B9DA /* source */,
				7B6EBDE519A461EB0086B9DA /* viewController */,
				7B6EBDC519A45AB00086B9DA /* AppDelegate.h */,
				7B6EBDC619A45AB00086B9DA /* AppDelegate.m */,
				7B6EBDBD19A45AB00086B9DA /* Supporting Files */,
			);
			path = JYGetUserID_Facebook_Twitter;
			sourceTree = "<group>";
		};
		7B6EBDBD19A45AB00086B9DA /* Supporting Files */ = {
			isa = PBXGroup;
			children = (
				7B6EBDBE19A45AB00086B9DA /* JYGetUserID_Facebook_Twitter-Info.plist */,
				7B6EBDBF19A45AB00086B9DA /* InfoPlist.strings */,
				7B6EBDC219A45AB00086B9DA /* main.m */,
				7B6EBDC419A45AB00086B9DA /* JYGetUserID_Facebook_Twitter-Prefix.pch */,
			);
			name = "Supporting Files";
			sourceTree = "<group>";
		};
		7B6EBDD519A45AB10086B9DA /* JYGetUserID_Facebook_TwitterTests */ = {
			isa = PBXGroup;
			children = (
				7B6EBDDB19A45AB10086B9DA /* JYGetUserID_Facebook_TwitterTests.m */,
				7B6EBDD619A45AB10086B9DA /* Supporting Files */,
			);
			path = JYGetUserID_Facebook_TwitterTests;
			sourceTree = "<group>";
		};
		7B6EBDD619A45AB10086B9DA /* Supporting Files */ = {
			isa = PBXGroup;
			children = (
				7B6EBDD719A45AB10086B9DA /* JYGetUserID_Facebook_TwitterTests-Info.plist */,
				7B6EBDD819A45AB10086B9DA /* InfoPlist.strings */,
			);
			name = "Supporting Files";
			sourceTree = "<group>";
		};
		7B6EBDE519A461EB0086B9DA /* viewController */ = {
			isa = PBXGroup;
			children = (
				7B6EBDF119A4874E0086B9DA /* FB */,
				7B6EBDF219A4875C0086B9DA /* Twitter */,
			);
			name = viewController;
			sourceTree = "<group>";
		};
		7B6EBDE619A462010086B9DA /* source */ = {
			isa = PBXGroup;
			children = (
				7B6EBDC819A45AB00086B9DA /* Images.xcassets */,
			);
			name = source;
			sourceTree = "<group>";
		};
		7B6EBDF119A4874E0086B9DA /* FB */ = {
			isa = PBXGroup;
			children = (
				7B6EBDE719A4626D0086B9DA /* JYFBUSERIDViewController.h */,
				7B6EBDE819A4626D0086B9DA /* JYFBUSERIDViewController.m */,
				7B6EBDE919A4626D0086B9DA /* JYFBUSERIDViewController.xib */,
				7B6EBDF319A487A80086B9DA /* JYFBUSERIDViewModal.h */,
				7B6EBDF419A487A80086B9DA /* JYFBUSERIDViewModal.m */,
			);
			name = FB;
			sourceTree = "<group>";
		};
		7B6EBDF219A4875C0086B9DA /* Twitter */ = {
			isa = PBXGroup;
			children = (
				7B6EBDEC19A463370086B9DA /* JYTiwterUSERIDViewController.h */,
				7B6EBDED19A463370086B9DA /* JYTiwterUSERIDViewController.m */,
				7B6EBDEE19A463370086B9DA /* JYTiwterUSERIDViewController.xib */,
			);
			name = Twitter;
			sourceTree = "<group>";
		};
		7B6EBDF619A48C5D0086B9DA /* Utils */ = {
			isa = PBXGroup;
			children = (
				7B6EBDF719A48C890086B9DA /* JYUtils.h */,
				7B6EBDF819A48C890086B9DA /* JYUtils.m */,
			);
			name = Utils;
			sourceTree = "<group>";
		};
/* End PBXGroup section */

/* Begin PBXNativeTarget section */
		7B6EBDB219A45AB00086B9DA /* JYGetUserID_Facebook_Twitter */ = {
			isa = PBXNativeTarget;
			buildConfigurationList = 7B6EBDDF19A45AB10086B9DA /* Build configuration list for PBXNativeTarget "JYGetUserID_Facebook_Twitter" */;
			buildPhases = (
				E8A4FE323805478AAF1176B6 /* Check Pods Manifest.lock */,
				7B6EBDAF19A45AB00086B9DA /* Sources */,
				7B6EBDB019A45AB00086B9DA /* Frameworks */,
				7B6EBDB119A45AB00086B9DA /* Resources */,
				5D6FECD791D0422ABB502125 /* Copy Pods Resources */,
			);
			buildRules = (
			);
			dependencies = (
			);
			name = JYGetUserID_Facebook_Twitter;
			productName = JYGetUserID_Facebook_Twitter;
			productReference = 7B6EBDB319A45AB00086B9DA /* JYGetUserID_Facebook_Twitter.app */;
			productType = "com.apple.product-type.application";
		};
		7B6EBDCD19A45AB00086B9DA /* JYGetUserID_Facebook_TwitterTests */ = {
			isa = PBXNativeTarget;
			buildConfigurationList = 7B6EBDE219A45AB10086B9DA /* Build configuration list for PBXNativeTarget "JYGetUserID_Facebook_TwitterTests" */;
			buildPhases = (
				7B6EBDCA19A45AB00086B9DA /* Sources */,
				7B6EBDCB19A45AB00086B9DA /* Frameworks */,
				7B6EBDCC19A45AB00086B9DA /* Resources */,
			);
			buildRules = (
			);
			dependencies = (
				7B6EBDD419A45AB10086B9DA /* PBXTargetDependency */,
			);
			name = JYGetUserID_Facebook_TwitterTests;
			productName = JYGetUserID_Facebook_TwitterTests;
			productReference = 7B6EBDCE19A45AB00086B9DA /* JYGetUserID_Facebook_TwitterTests.xctest */;
			productType = "com.apple.product-type.bundle.unit-test";
		};
/* End PBXNativeTarget section */

/* Begin PBXProject section */
		7B6EBDAB19A45AB00086B9DA /* Project object */ = {
			isa = PBXProject;
			attributes = {
				LastUpgradeCheck = 0510;
				ORGANIZATIONNAME = Jeffery;
				TargetAttributes = {
					7B6EBDCD19A45AB00086B9DA = {
						TestTargetID = 7B6EBDB219A45AB00086B9DA;
					};
				};
			};
			buildConfigurationList = 7B6EBDAE19A45AB00086B9DA /* Build configuration list for PBXProject "JYGetUserID_Facebook_Twitter" */;
			compatibilityVersion = "Xcode 3.2";
			developmentRegion = English;
			hasScannedForEncodings = 0;
			knownRegions = (
				en,
			);
			mainGroup = 7B6EBDAA19A45AB00086B9DA;
			productRefGroup = 7B6EBDB419A45AB00086B9DA /* Products */;
			projectDirPath = "";
			projectRoot = "";
			targets = (
				7B6EBDB219A45AB00086B9DA /* JYGetUserID_Facebook_Twitter */,
				7B6EBDCD19A45AB00086B9DA /* JYGetUserID_Facebook_TwitterTests */,
			);
		};
/* End PBXProject section */

/* Begin PBXResourcesBuildPhase section */
		7B6EBDB119A45AB00086B9DA /* Resources */ = {
			isa = PBXResourcesBuildPhase;
			buildActionMask = 2147483647;
			files = (
				7B6EBDF019A463370086B9DA /* JYTiwterUSERIDViewController.xib in Resources */,
				7B6EBDC119A45AB00086B9DA /* InfoPlist.strings in Resources */,
				7B6EBDC919A45AB00086B9DA /* Images.xcassets in Resources */,
				7B6EBDEB19A4626D0086B9DA /* JYFBUSERIDViewController.xib in Resources */,
			);
			runOnlyForDeploymentPostprocessing = 0;
		};
		7B6EBDCC19A45AB00086B9DA /* Resources */ = {
			isa = PBXResourcesBuildPhase;
			buildActionMask = 2147483647;
			files = (
				7B6EBDDA19A45AB10086B9DA /* InfoPlist.strings in Resources */,
			);
			runOnlyForDeploymentPostprocessing = 0;
		};
/* End PBXResourcesBuildPhase section */

/* Begin PBXShellScriptBuildPhase section */
		5D6FECD791D0422ABB502125 /* Copy Pods Resources */ = {
			isa = PBXShellScriptBuildPhase;
			buildActionMask = 2147483647;
			files = (
			);
			inputPaths = (
			);
			name = "Copy Pods Resources";
			outputPaths = (
			);
			runOnlyForDeploymentPostprocessing = 0;
			shellPath = /bin/sh;
			shellScript = "\"${SRCROOT}/Pods/Pods-resources.sh\"\n";
			showEnvVarsInLog = 0;
		};
		E8A4FE323805478AAF1176B6 /* Check Pods Manifest.lock */ = {
			isa = PBXShellScriptBuildPhase;
			buildActionMask = 2147483647;
			files = (
			);
			inputPaths = (
			);
			name = "Check Pods Manifest.lock";
			outputPaths = (
			);
			runOnlyForDeploymentPostprocessing = 0;
			shellPath = /bin/sh;
			shellScript = "diff \"${PODS_ROOT}/../Podfile.lock\" \"${PODS_ROOT}/Manifest.lock\" > /dev/null\nif [[ $? != 0 ]] ; then\n    cat << EOM\nerror: The sandbox is not in sync with the Podfile.lock. Run 'pod install' or update your CocoaPods installation.\nEOM\n    exit 1\nfi\n";
			showEnvVarsInLog = 0;
		};
/* End PBXShellScriptBuildPhase section */

/* Begin PBXSourcesBuildPhase section */
		7B6EBDAF19A45AB00086B9DA /* Sources */ = {
			isa = PBXSourcesBuildPhase;
			buildActionMask = 2147483647;
			files = (
				7B6EBDF519A487A80086B9DA /* JYFBUSERIDViewModal.m in Sources */,
				7B6EBDC719A45AB00086B9DA /* AppDelegate.m in Sources */,
				7B6EBDF919A48C890086B9DA /* JYUtils.m in Sources */,
				7B6EBDEA19A4626D0086B9DA /* JYFBUSERIDViewController.m in Sources */,
				7B6EBDEF19A463370086B9DA /* JYTiwterUSERIDViewController.m in Sources */,
				7B6EBDC319A45AB00086B9DA /* main.m in Sources */,
			);
			runOnlyForDeploymentPostprocessing = 0;
		};
		7B6EBDCA19A45AB00086B9DA /* Sources */ = {
			isa = PBXSourcesBuildPhase;
			buildActionMask = 2147483647;
			files = (
				7B6EBDDC19A45AB10086B9DA /* JYGetUserID_Facebook_TwitterTests.m in Sources */,
			);
			runOnlyForDeploymentPostprocessing = 0;
		};
/* End PBXSourcesBuildPhase section */

/* Begin PBXTargetDependency section */
		7B6EBDD419A45AB10086B9DA /* PBXTargetDependency */ = {
			isa = PBXTargetDependency;
			target = 7B6EBDB219A45AB00086B9DA /* JYGetUserID_Facebook_Twitter */;
			targetProxy = 7B6EBDD319A45AB10086B9DA /* PBXContainerItemProxy */;
		};
/* End PBXTargetDependency section */

/* Begin PBXVariantGroup section */
		7B6EBDBF19A45AB00086B9DA /* InfoPlist.strings */ = {
			isa = PBXVariantGroup;
			children = (
				7B6EBDC019A45AB00086B9DA /* en */,
			);
			name = InfoPlist.strings;
			sourceTree = "<group>";
		};
		7B6EBDD819A45AB10086B9DA /* InfoPlist.strings */ = {
			isa = PBXVariantGroup;
			children = (
				7B6EBDD919A45AB10086B9DA /* en */,
			);
			name = InfoPlist.strings;
			sourceTree = "<group>";
		};
/* End PBXVariantGroup section */

/* Begin XCBuildConfiguration section */
		7B6EBDDD19A45AB10086B9DA /* Debug */ = {
			isa = XCBuildConfiguration;
			buildSettings = {
				ALWAYS_SEARCH_USER_PATHS = NO;
				CLANG_CXX_LANGUAGE_STANDARD = "gnu++0x";
				CLANG_CXX_LIBRARY = "libc++";
				CLANG_ENABLE_MODULES = YES;
				CLANG_ENABLE_OBJC_ARC = YES;
				CLANG_WARN_BOOL_CONVERSION = YES;
				CLANG_WARN_CONSTANT_CONVERSION = YES;
				CLANG_WARN_DIRECT_OBJC_ISA_USAGE = YES_ERROR;
				CLANG_WARN_EMPTY_BODY = YES;
				CLANG_WARN_ENUM_CONVERSION = YES;
				CLANG_WARN_INT_CONVERSION = YES;
				CLANG_WARN_OBJC_ROOT_CLASS = YES_ERROR;
				CLANG_WARN__DUPLICATE_METHOD_MATCH = YES;
				"CODE_SIGN_IDENTITY[sdk=iphoneos*]" = "iPhone Developer";
				COPY_PHASE_STRIP = NO;
				GCC_C_LANGUAGE_STANDARD = gnu99;
				GCC_DYNAMIC_NO_PIC = NO;
				GCC_OPTIMIZATION_LEVEL = 0;
				GCC_PREPROCESSOR_DEFINITIONS = (
					"DEBUG=1",
					"$(inherited)",
				);
				GCC_SYMBOLS_PRIVATE_EXTERN = NO;
				GCC_WARN_64_TO_32_BIT_CONVERSION = YES;
				GCC_WARN_ABOUT_RETURN_TYPE = YES_ERROR;
				GCC_WARN_UNDECLARED_SELECTOR = YES;
				GCC_WARN_UNINITIALIZED_AUTOS = YES_AGGRESSIVE;
				GCC_WARN_UNUSED_FUNCTION = YES;
				GCC_WARN_UNUSED_VARIABLE = YES;
				IPHONEOS_DEPLOYMENT_TARGET = 7.1;
				ONLY_ACTIVE_ARCH = YES;
				SDKROOT = iphoneos;
			};
			name = Debug;
		};
		7B6EBDDE19A45AB10086B9DA /* Release */ = {
			isa = XCBuildConfiguration;
			buildSettings = {
				ALWAYS_SEARCH_USER_PATHS = NO;
				CLANG_CXX_LANGUAGE_STANDARD = "gnu++0x";
				CLANG_CXX_LIBRARY = "libc++";
				CLANG_ENABLE_MODULES = YES;
				CLANG_ENABLE_OBJC_ARC = YES;
				CLANG_WARN_BOOL_CONVERSION = YES;
				CLANG_WARN_CONSTANT_CONVERSION = YES;
				CLANG_WARN_DIRECT_OBJC_ISA_USAGE = YES_ERROR;
				CLANG_WARN_EMPTY_BODY = YES;
				CLANG_WARN_ENUM_CONVERSION = YES;
				CLANG_WARN_INT_CONVERSION = YES;
				CLANG_WARN_OBJC_ROOT_CLASS = YES_ERROR;
				CLANG_WARN__DUPLICATE_METHOD_MATCH = YES;
				"CODE_SIGN_IDENTITY[sdk=iphoneos*]" = "iPhone Developer";
				COPY_PHASE_STRIP = YES;
				ENABLE_NS_ASSERTIONS = NO;
				GCC_C_LANGUAGE_STANDARD = gnu99;
				GCC_WARN_64_TO_32_BIT_CONVERSION = YES;
				GCC_WARN_ABOUT_RETURN_TYPE = YES_ERROR;
				GCC_WARN_UNDECLARED_SELECTOR = YES;
				GCC_WARN_UNINITIALIZED_AUTOS = YES_AGGRESSIVE;
				GCC_WARN_UNUSED_FUNCTION = YES;
				GCC_WARN_UNUSED_VARIABLE = YES;
				IPHONEOS_DEPLOYMENT_TARGET = 7.1;
				SDKROOT = iphoneos;
				VALIDATE_PRODUCT = YES;
			};
			name = Release;
		};
		7B6EBDE019A45AB10086B9DA /* Debug */ = {
			isa = XCBuildConfiguration;
			baseConfigurationReference = C1837BA80EB74DDD887DFE3D /* Pods.xcconfig */;
			buildSettings = {
				ASSETCATALOG_COMPILER_APPICON_NAME = AppIcon;
				ASSETCATALOG_COMPILER_LAUNCHIMAGE_NAME = LaunchImage;
				GCC_PRECOMPILE_PREFIX_HEADER = YES;
				GCC_PREFIX_HEADER = "JYGetUserID_Facebook_Twitter/JYGetUserID_Facebook_Twitter-Prefix.pch";
				INFOPLIST_FILE = "JYGetUserID_Facebook_Twitter/JYGetUserID_Facebook_Twitter-Info.plist";
				PRODUCT_NAME = "$(TARGET_NAME)";
				WRAPPER_EXTENSION = app;
			};
			name = Debug;
		};
		7B6EBDE119A45AB10086B9DA /* Release */ = {
			isa = XCBuildConfiguration;
			baseConfigurationReference = C1837BA80EB74DDD887DFE3D /* Pods.xcconfig */;
			buildSettings = {
				ASSETCATALOG_COMPILER_APPICON_NAME = AppIcon;
				ASSETCATALOG_COMPILER_LAUNCHIMAGE_NAME = LaunchImage;
				GCC_PRECOMPILE_PREFIX_HEADER = YES;
				GCC_PREFIX_HEADER = "JYGetUserID_Facebook_Twitter/JYGetUserID_Facebook_Twitter-Prefix.pch";
				INFOPLIST_FILE = "JYGetUserID_Facebook_Twitter/JYGetUserID_Facebook_Twitter-Info.plist";
				PRODUCT_NAME = "$(TARGET_NAME)";
				WRAPPER_EXTENSION = app;
			};
			name = Release;
		};
		7B6EBDE319A45AB10086B9DA /* Debug */ = {
			isa = XCBuildConfiguration;
			buildSettings = {
				BUNDLE_LOADER = "$(BUILT_PRODUCTS_DIR)/JYGetUserID_Facebook_Twitter.app/JYGetUserID_Facebook_Twitter";
				FRAMEWORK_SEARCH_PATHS = (
					"$(SDKROOT)/Developer/Library/Frameworks",
					"$(inherited)",
					"$(DEVELOPER_FRAMEWORKS_DIR)",
				);
				GCC_PRECOMPILE_PREFIX_HEADER = YES;
				GCC_PREFIX_HEADER = "JYGetUserID_Facebook_Twitter/JYGetUserID_Facebook_Twitter-Prefix.pch";
				GCC_PREPROCESSOR_DEFINITIONS = (
					"DEBUG=1",
					"$(inherited)",
				);
				INFOPLIST_FILE = "JYGetUserID_Facebook_TwitterTests/JYGetUserID_Facebook_TwitterTests-Info.plist";
				PRODUCT_NAME = "$(TARGET_NAME)";
				TEST_HOST = "$(BUNDLE_LOADER)";
				WRAPPER_EXTENSION = xctest;
			};
			name = Debug;
		};
		7B6EBDE419A45AB10086B9DA /* Release */ = {
			isa = XCBuildConfiguration;
			buildSettings = {
				BUNDLE_LOADER = "$(BUILT_PRODUCTS_DIR)/JYGetUserID_Facebook_Twitter.app/JYGetUserID_Facebook_Twitter";
				FRAMEWORK_SEARCH_PATHS = (
					"$(SDKROOT)/Developer/Library/Frameworks",
					"$(inherited)",
					"$(DEVELOPER_FRAMEWORKS_DIR)",
				);
				GCC_PRECOMPILE_PREFIX_HEADER = YES;
				GCC_PREFIX_HEADER = "JYGetUserID_Facebook_Twitter/JYGetUserID_Facebook_Twitter-Prefix.pch";
				INFOPLIST_FILE = "JYGetUserID_Facebook_TwitterTests/JYGetUserID_Facebook_TwitterTests-Info.plist";
				PRODUCT_NAME = "$(TARGET_NAME)";
				TEST_HOST = "$(BUNDLE_LOADER)";
				WRAPPER_EXTENSION = xctest;
			};
			name = Release;
		};
/* End XCBuildConfiguration section */

/* Begin XCConfigurationList section */
		7B6EBDAE19A45AB00086B9DA /* Build configuration list for PBXProject "JYGetUserID_Facebook_Twitter" */ = {
			isa = XCConfigurationList;
			buildConfigurations = (
				7B6EBDDD19A45AB10086B9DA /* Debug */,
				7B6EBDDE19A45AB10086B9DA /* Release */,
			);
			defaultConfigurationIsVisible = 0;
			defaultConfigurationName = Release;
		};
		7B6EBDDF19A45AB10086B9DA /* Build configuration list for PBXNativeTarget "JYGetUserID_Facebook_Twitter" */ = {
			isa = XCConfigurationList;
			buildConfigurations = (
				7B6EBDE019A45AB10086B9DA /* Debug */,
				7B6EBDE119A45AB10086B9DA /* Release */,
			);
			defaultConfigurationIsVisible = 0;
			defaultConfigurationName = Release;
		};
		7B6EBDE219A45AB10086B9DA /* Build configuration list for PBXNativeTarget "JYGetUserID_Facebook_TwitterTests" */ = {
			isa = XCConfigurationList;
			buildConfigurations = (
				7B6EBDE319A45AB10086B9DA /* Debug */,
				7B6EBDE419A45AB10086B9DA /* Release */,
			);
			defaultConfigurationIsVisible = 0;
			defaultConfigurationName = Release;
		};
/* End XCConfigurationList section */
	};
	rootObject = 7B6EBDAB19A45AB00086B9DA /* Project object */;
}
